
Microsoft Visual Studio Solution File, Format Version 12.00
# Visual Studio Version 17
VisualStudioVersion = 17.14.36717.8 d17.14
MinimumVisualStudioVersion = 10.0.40219.1
Project("{FAE04EC0-301F-11D3-BF4B-00C04F79EFBC}") = "IMDBSYS32-3C", "IMDBSYS32-3C\IMDBSYS32-3C.csproj", "{E59CBDF7-E936-4677-888E-524EDE6F337F}"
EndProject
Global
	GlobalSection(SolutionConfigurationPlatforms) = preSolution
		Debug|Any CPU = Debug|Any CPU
		Release|Any CPU = Release|Any CPU
	EndGlobalSection
	GlobalSection(ProjectConfigurationPlatforms) = postSolution
		{E59CBDF7-E936-4677-888E-524EDE6F337F}.Debug|Any CPU.ActiveCfg = Debug|Any CPU
		{E59CBDF7-E936-4677-888E-524EDE6F337F}.Debug|Any CPU.Build.0 = Debug|Any CPU
		{E59CBDF7-E936-4677-888E-524EDE6F337F}.Release|Any CPU.ActiveCfg = Release|Any CPU
		{E59CBDF7-E936-4677-888E-524EDE6F337F}.Release|Any CPU.Build.0 = Release|Any CPU
	EndGlobalSection
	GlobalSection(SolutionProperties) = preSolution
		HideSolutionNode = FALSE
	EndGlobalSection
	GlobalSection(ExtensibilityGlobals) = postSolution
		SolutionGuid = {17CC3F2D-B680-4DC2-9B42-249411346667}
	EndGlobalSection
EndGlobal
